$ANSIBLE_VAULT;1.1;AES256
64663963366339656236623439316165316237333434383530326237383335393465393064336539
6536373633323832626362646261373931346139663062370a346566653136353231643763393561
34636361343633386138666562386533396465633130396164303630656538663039613361306563
3264663938636135350a346364643662366364373334353430313264663634346538316665646533
37353535653333666538383466333732643764363035343562636633643730356539
